{
  "nodes": {
    "nixpkgs": {
      "locked": {
        "lastModified": 1657205797,
        "narHash": "sha256-8mBqEffB27BxO/LLhyNamyoXXcO4fKMyh3qJ+pG7Ksc=",
        "owner": "nixos",
        "repo": "nixpkgs",
        "rev": "6e1b0ef6b71e3052aaac94127a6dff1a071ef80e",
        "type": "github"
      },
      "original": {
        "owner": "nixos",
        "ref": "master",
        "repo": "nixpkgs",
        "type": "github"
      }
    },
    "root": {
      "inputs": {
        "nixpkgs": "nixpkgs",
        "utils": "utils"
      }
    },
    "utils": {
      "locked": {
        "lastModified": 1656928814,
        "narHash": "sha256-RIFfgBuKz6Hp89yRr7+NR5tzIAbn52h8vT6vXkYjZoM=",
        "owner": "numtide",
        "repo": "flake-utils",
        "rev": "7e2a3b3dfd9af950a856d66b0a7d01e3c18aa249",
        "type": "github"
      },
      "original": {
        "owner": "numtide",
        "repo": "flake-utils",
        "type": "github"
      }
    }
  },
  "root": "root",
  "version": 7
}
